
Microsoft Visual Studio Solution File, Format Version 12.00
# Visual Studio Version 17
VisualStudioVersion = 17.13.35806.99
MinimumVisualStudioVersion = 10.0.40219.1
Project("{FAE04EC0-301F-11D3-BF4B-00C04F79EFBC}") = "Pr1", "Pr1\Pr1.csproj", "{6C8349E2-375F-448F-A254-A0831CB0AB63}"
EndProject
Project("{2150E333-8FDC-42A3-9474-1A3956D46DE8}") = "Pr3", "Pr3", "{36D591C7-65C7-A0D1-1CBC-10CDE441BDC8}"
EndProject
Project("{FAE04EC0-301F-11D3-BF4B-00C04F79EFBC}") = "Server", "Server\Server.csproj", "{C1BA3394-0E12-49A7-BB91-62A7094D4DAE}"
EndProject
Project("{FAE04EC0-301F-11D3-BF4B-00C04F79EFBC}") = "Clients", "Client1\Clients.csproj", "{42F2F844-6962-4BF1-8215-82CB79A7DBEA}"
EndProject
Project("{2150E333-8FDC-42A3-9474-1A3956D46DE8}") = "Terminal", "Terminal", "{9D8C201E-ED1B-4DD2-AB6E-004F5F18D00F}"
EndProject
Project("{FAE04EC0-301F-11D3-BF4B-00C04F79EFBC}") = "Pr2", "Pr2\Pr2.csproj", "{1C21F20A-B9F4-4166-B170-983651DC217E}"
EndProject
Project("{FAE04EC0-301F-11D3-BF4B-00C04F79EFBC}") = "Pr3-Server", "Pr3-Server\Pr3-Server.csproj", "{B1CD8136-84E2-44F0-BF29-D331B0D9359B}"
EndProject
Project("{FAE04EC0-301F-11D3-BF4B-00C04F79EFBC}") = "Pr3-Client", "Pr3-Client\Pr3-Client.csproj", "{4FC08025-E385-4670-BA5E-51276BEE2CAC}"
EndProject
Global
	GlobalSection(SolutionConfigurationPlatforms) = preSolution
		Debug|Any CPU = Debug|Any CPU
		Release|Any CPU = Release|Any CPU
	EndGlobalSection
	GlobalSection(ProjectConfigurationPlatforms) = postSolution
		{6C8349E2-375F-448F-A254-A0831CB0AB63}.Debug|Any CPU.ActiveCfg = Debug|Any CPU
		{6C8349E2-375F-448F-A254-A0831CB0AB63}.Debug|Any CPU.Build.0 = Debug|Any CPU
		{6C8349E2-375F-448F-A254-A0831CB0AB63}.Release|Any CPU.ActiveCfg = Release|Any CPU
		{6C8349E2-375F-448F-A254-A0831CB0AB63}.Release|Any CPU.Build.0 = Release|Any CPU
		{C1BA3394-0E12-49A7-BB91-62A7094D4DAE}.Debug|Any CPU.ActiveCfg = Debug|Any CPU
		{C1BA3394-0E12-49A7-BB91-62A7094D4DAE}.Debug|Any CPU.Build.0 = Debug|Any CPU
		{C1BA3394-0E12-49A7-BB91-62A7094D4DAE}.Release|Any CPU.ActiveCfg = Release|Any CPU
		{C1BA3394-0E12-49A7-BB91-62A7094D4DAE}.Release|Any CPU.Build.0 = Release|Any CPU
		{42F2F844-6962-4BF1-8215-82CB79A7DBEA}.Debug|Any CPU.ActiveCfg = Debug|Any CPU
		{42F2F844-6962-4BF1-8215-82CB79A7DBEA}.Debug|Any CPU.Build.0 = Debug|Any CPU
		{42F2F844-6962-4BF1-8215-82CB79A7DBEA}.Release|Any CPU.ActiveCfg = Release|Any CPU
		{42F2F844-6962-4BF1-8215-82CB79A7DBEA}.Release|Any CPU.Build.0 = Release|Any CPU
		{1C21F20A-B9F4-4166-B170-983651DC217E}.Debug|Any CPU.ActiveCfg = Debug|Any CPU
		{1C21F20A-B9F4-4166-B170-983651DC217E}.Debug|Any CPU.Build.0 = Debug|Any CPU
		{1C21F20A-B9F4-4166-B170-983651DC217E}.Release|Any CPU.ActiveCfg = Release|Any CPU
		{1C21F20A-B9F4-4166-B170-983651DC217E}.Release|Any CPU.Build.0 = Release|Any CPU
		{B1CD8136-84E2-44F0-BF29-D331B0D9359B}.Debug|Any CPU.ActiveCfg = Debug|Any CPU
		{B1CD8136-84E2-44F0-BF29-D331B0D9359B}.Debug|Any CPU.Build.0 = Debug|Any CPU
		{B1CD8136-84E2-44F0-BF29-D331B0D9359B}.Release|Any CPU.ActiveCfg = Release|Any CPU
		{B1CD8136-84E2-44F0-BF29-D331B0D9359B}.Release|Any CPU.Build.0 = Release|Any CPU
		{4FC08025-E385-4670-BA5E-51276BEE2CAC}.Debug|Any CPU.ActiveCfg = Debug|Any CPU
		{4FC08025-E385-4670-BA5E-51276BEE2CAC}.Debug|Any CPU.Build.0 = Debug|Any CPU
		{4FC08025-E385-4670-BA5E-51276BEE2CAC}.Release|Any CPU.ActiveCfg = Release|Any CPU
		{4FC08025-E385-4670-BA5E-51276BEE2CAC}.Release|Any CPU.Build.0 = Release|Any CPU
	EndGlobalSection
	GlobalSection(SolutionProperties) = preSolution
		HideSolutionNode = FALSE
	EndGlobalSection
	GlobalSection(NestedProjects) = preSolution
		{C1BA3394-0E12-49A7-BB91-62A7094D4DAE} = {9D8C201E-ED1B-4DD2-AB6E-004F5F18D00F}
		{42F2F844-6962-4BF1-8215-82CB79A7DBEA} = {9D8C201E-ED1B-4DD2-AB6E-004F5F18D00F}
		{9D8C201E-ED1B-4DD2-AB6E-004F5F18D00F} = {36D591C7-65C7-A0D1-1CBC-10CDE441BDC8}
		{B1CD8136-84E2-44F0-BF29-D331B0D9359B} = {36D591C7-65C7-A0D1-1CBC-10CDE441BDC8}
		{4FC08025-E385-4670-BA5E-51276BEE2CAC} = {36D591C7-65C7-A0D1-1CBC-10CDE441BDC8}
	EndGlobalSection
	GlobalSection(ExtensibilityGlobals) = postSolution
		SolutionGuid = {F52C5243-AE67-4A62-8A29-54DBB94A6947}
	EndGlobalSection
EndGlobal
